apiVersion: relay.wyolet.dev/v1alpha2
kind: HostBinding
metadata:
    name: meta-llama-llama-3-3-70b-instruct-on-cloudferro-sherlock
    displayName: meta-llama-llama-3-3-70b-instruct via cloudferro-sherlock
spec:
    model: meta-llama-llama-3-3-70b-instruct
    host: cloudferro-sherlock
    adapter: openai
    enabled: true
    snapshots:
        - meta-llama-llama-3-3-70b-instruct
